
Microsoft Visual Studio Solution File, Format Version 12.00
# Visual Studio Version 16
VisualStudioVersion = 16.0.29409.12
MinimumVisualStudioVersion = 10.0.40219.1
Project("{9A19103F-16F7-4668-BE54-9A1E7A4F7556}") = "HCM.Server", "HCM\Server\HCM.Server.csproj", "{7D6F2F5A-524C-4A8A-BDCA-3EDAC1ECB6A8}"
EndProject
Project("{9A19103F-16F7-4668-BE54-9A1E7A4F7556}") = "HCM.Client", "HCM\Client\HCM.Client.csproj", "{E9C72650-FE1D-40FB-AC95-4E02A4963CEB}"
EndProject
Project("{9A19103F-16F7-4668-BE54-9A1E7A4F7556}") = "HCM.Shared", "HCM\Shared\HCM.Shared.csproj", "{2DE9E3DC-D646-427F-A948-8D611F24AECF}"
EndProject
Project("{2150E333-8FDC-42A3-9474-1A3956D46DE8}") = "Scripts", "Scripts", "{0C2CFC99-BDA1-47BC-8711-968CA34F6102}"
	ProjectSection(SolutionItems) = preProject
		API.gql = API.gql
		API1.gql = API1.gql
		Scripts\CareerPath.cql = Scripts\CareerPath.cql
		Scripts\Employees.csv = Scripts\Employees.csv
	EndProjectSection
EndProject
Global
	GlobalSection(SolutionConfigurationPlatforms) = preSolution
		Debug|Any CPU = Debug|Any CPU
		Release|Any CPU = Release|Any CPU
	EndGlobalSection
	GlobalSection(ProjectConfigurationPlatforms) = postSolution
		{7D6F2F5A-524C-4A8A-BDCA-3EDAC1ECB6A8}.Debug|Any CPU.ActiveCfg = Debug|Any CPU
		{7D6F2F5A-524C-4A8A-BDCA-3EDAC1ECB6A8}.Debug|Any CPU.Build.0 = Debug|Any CPU
		{7D6F2F5A-524C-4A8A-BDCA-3EDAC1ECB6A8}.Release|Any CPU.ActiveCfg = Release|Any CPU
		{7D6F2F5A-524C-4A8A-BDCA-3EDAC1ECB6A8}.Release|Any CPU.Build.0 = Release|Any CPU
		{E9C72650-FE1D-40FB-AC95-4E02A4963CEB}.Debug|Any CPU.ActiveCfg = Debug|Any CPU
		{E9C72650-FE1D-40FB-AC95-4E02A4963CEB}.Debug|Any CPU.Build.0 = Debug|Any CPU
		{E9C72650-FE1D-40FB-AC95-4E02A4963CEB}.Release|Any CPU.ActiveCfg = Release|Any CPU
		{E9C72650-FE1D-40FB-AC95-4E02A4963CEB}.Release|Any CPU.Build.0 = Release|Any CPU
		{2DE9E3DC-D646-427F-A948-8D611F24AECF}.Debug|Any CPU.ActiveCfg = Debug|Any CPU
		{2DE9E3DC-D646-427F-A948-8D611F24AECF}.Debug|Any CPU.Build.0 = Debug|Any CPU
		{2DE9E3DC-D646-427F-A948-8D611F24AECF}.Release|Any CPU.ActiveCfg = Release|Any CPU
		{2DE9E3DC-D646-427F-A948-8D611F24AECF}.Release|Any CPU.Build.0 = Release|Any CPU
	EndGlobalSection
	GlobalSection(SolutionProperties) = preSolution
		HideSolutionNode = FALSE
	EndGlobalSection
	GlobalSection(ExtensibilityGlobals) = postSolution
		SolutionGuid = {89D74D6B-CE5F-4536-82EF-76DF8C00BADE}
	EndGlobalSection
EndGlobal
